# @generated - this file is auto-generated by `mise lock` https://mise.jdx.dev/dev-tools/mise-lock.html

[[tools."github:golangci/golangci-lint"]]
version = "2.11.3"
backend = "github:golangci/golangci-lint"

[tools."github:golangci/golangci-lint"."platforms.linux-arm64"]
checksum = "sha256:ee3d95f301359e7d578e6d99c8ad5aeadbabc5a13009a30b2b0df11c8058afe9"
url = "https://github.com/golangci/golangci-lint/releases/download/v2.11.3/golangci-lint-2.11.3-linux-arm64.tar.gz"
url_api = "https://api.github.com/repos/golangci/golangci-lint/releases/assets/370749014"
provenance = "github-attestations"

[tools."github:golangci/golangci-lint"."platforms.linux-arm64-musl"]
checksum = "sha256:ee3d95f301359e7d578e6d99c8ad5aeadbabc5a13009a30b2b0df11c8058afe9"
url = "https://github.com/golangci/golangci-lint/releases/download/v2.11.3/golangci-lint-2.11.3-linux-arm64.tar.gz"
url_api = "https://api.github.com/repos/golangci/golangci-lint/releases/assets/370749014"
provenance = "github-attestations"

[tools."github:golangci/golangci-lint"."platforms.linux-x64"]
checksum = "sha256:87bb8cddbcc825d5778b64e8a91b46c0526b247f4e2f2904dea74ec7450475d1"
url = "https://github.com/golangci/golangci-lint/releases/download/v2.11.3/golangci-lint-2.11.3-linux-amd64.tar.gz"
url_api = "https://api.github.com/repos/golangci/golangci-lint/releases/assets/370748984"
provenance = "github-attestations"

[tools."github:golangci/golangci-lint"."platforms.linux-x64-musl"]
checksum = "sha256:87bb8cddbcc825d5778b64e8a91b46c0526b247f4e2f2904dea74ec7450475d1"
url = "https://github.com/golangci/golangci-lint/releases/download/v2.11.3/golangci-lint-2.11.3-linux-amd64.tar.gz"
url_api = "https://api.github.com/repos/golangci/golangci-lint/releases/assets/370748984"
provenance = "github-attestations"

[tools."github:golangci/golangci-lint"."platforms.macos-arm64"]
checksum = "sha256:30ee39979c516b9d1adca289a3f93429d130c4c0fda5e57d637850894221f6cc"
url = "https://github.com/golangci/golangci-lint/releases/download/v2.11.3/golangci-lint-2.11.3-darwin-arm64.tar.gz"
url_api = "https://api.github.com/repos/golangci/golangci-lint/releases/assets/370749042"
provenance = "github-attestations"

[tools."github:golangci/golangci-lint"."platforms.macos-x64"]
checksum = "sha256:f93bda1f2cc981fd1326464020494be62f387bbf262706e1b3b644e5afacc440"
url = "https://github.com/golangci/golangci-lint/releases/download/v2.11.3/golangci-lint-2.11.3-darwin-amd64.tar.gz"
url_api = "https://api.github.com/repos/golangci/golangci-lint/releases/assets/370749038"
provenance = "github-attestations"

[tools."github:golangci/golangci-lint"."platforms.windows-x64"]
checksum = "sha256:cd42e890176bc5cfeb36225a77e66b9410ddd3a59a03551e23f6b210d29e1f67"
url = "https://github.com/golangci/golangci-lint/releases/download/v2.11.3/golangci-lint-2.11.3-windows-amd64.zip"
url_api = "https://api.github.com/repos/golangci/golangci-lint/releases/assets/370749053"
provenance = "github-attestations"

[[tools."github:houseabsolute/precious"]]
version = "0.10.2"
backend = "github:houseabsolute/precious"

[tools."github:houseabsolute/precious"."platforms.linux-arm64"]
checksum = "sha256:8fbaead9f9626170549c3121e67d1bc81193b3bb086e29576f548aefa839fcc4"
url = "https://github.com/houseabsolute/precious/releases/download/v0.10.2/precious-Linux-musl-arm64.tar.gz"
url_api = "https://api.github.com/repos/houseabsolute/precious/releases/assets/345520042"

[tools."github:houseabsolute/precious"."platforms.linux-arm64-musl"]
checksum = "sha256:8fbaead9f9626170549c3121e67d1bc81193b3bb086e29576f548aefa839fcc4"
url = "https://github.com/houseabsolute/precious/releases/download/v0.10.2/precious-Linux-musl-arm64.tar.gz"
url_api = "https://api.github.com/repos/houseabsolute/precious/releases/assets/345520042"

[tools."github:houseabsolute/precious"."platforms.linux-x64"]
checksum = "sha256:3d717d906db338f63017766b07982dc9055773e1b3bec6d3f432d1f0ad9676bb"
url = "https://github.com/houseabsolute/precious/releases/download/v0.10.2/precious-Linux-musl-x86_64.tar.gz"
url_api = "https://api.github.com/repos/houseabsolute/precious/releases/assets/345519861"

[tools."github:houseabsolute/precious"."platforms.linux-x64-musl"]
checksum = "sha256:3d717d906db338f63017766b07982dc9055773e1b3bec6d3f432d1f0ad9676bb"
url = "https://github.com/houseabsolute/precious/releases/download/v0.10.2/precious-Linux-musl-x86_64.tar.gz"
url_api = "https://api.github.com/repos/houseabsolute/precious/releases/assets/345519861"

[tools."github:houseabsolute/precious"."platforms.macos-arm64"]
checksum = "sha256:04157c64459bb6ab029295b21b112077040ad2575b34508d84b19a839551cddb"
url = "https://github.com/houseabsolute/precious/releases/download/v0.10.2/precious-macOS-arm64.tar.gz"
url_api = "https://api.github.com/repos/houseabsolute/precious/releases/assets/345519985"

[tools."github:houseabsolute/precious"."platforms.macos-x64"]
checksum = "sha256:9932defd246d0771530357463bdb55582557fd7381853cb4dc2074e36ad0cc84"
url = "https://github.com/houseabsolute/precious/releases/download/v0.10.2/precious-macOS-x86_64.tar.gz"
url_api = "https://api.github.com/repos/houseabsolute/precious/releases/assets/345519772"

[tools."github:houseabsolute/precious"."platforms.windows-x64"]
checksum = "sha256:9d683d1730e302c646ccb90a23d313e7a548c8b23b5abf7d24e19ff6befe763d"
url = "https://github.com/houseabsolute/precious/releases/download/v0.10.2/precious-Windows-msvc-x86_64.zip"
url_api = "https://api.github.com/repos/houseabsolute/precious/releases/assets/345520544"

[[tools.go]]
version = "1.26.1"
backend = "core:go"

[tools.go."platforms.linux-arm64"]
checksum = "sha256:a290581cfe4fe28ddd737dde3095f3dbeb7f2e4065cab4eae44dfc53b760c2f7"
url = "https://dl.google.com/go/go1.26.1.linux-arm64.tar.gz"

[tools.go."platforms.linux-arm64-musl"]
checksum = "sha256:a290581cfe4fe28ddd737dde3095f3dbeb7f2e4065cab4eae44dfc53b760c2f7"
url = "https://dl.google.com/go/go1.26.1.linux-arm64.tar.gz"

[tools.go."platforms.linux-x64"]
checksum = "sha256:031f088e5d955bab8657ede27ad4e3bc5b7c1ba281f05f245bcc304f327c987a"
url = "https://dl.google.com/go/go1.26.1.linux-amd64.tar.gz"

[tools.go."platforms.linux-x64-musl"]
checksum = "sha256:031f088e5d955bab8657ede27ad4e3bc5b7c1ba281f05f245bcc304f327c987a"
url = "https://dl.google.com/go/go1.26.1.linux-amd64.tar.gz"

[tools.go."platforms.macos-arm64"]
checksum = "sha256:353df43a7811ce284c8938b5f3c7df40b7bfb6f56cb165b150bc40b5e2dd541f"
url = "https://dl.google.com/go/go1.26.1.darwin-arm64.tar.gz"

[tools.go."platforms.macos-x64"]
checksum = "sha256:65773dab2f8cc4cd23d93ba6d0a805de150ca0b78378879292be0b903b8cdd08"
url = "https://dl.google.com/go/go1.26.1.darwin-amd64.tar.gz"

[tools.go."platforms.windows-x64"]
checksum = "sha256:9b68112c913f45b7aebbf13c036721264bbba7e03a642f8f7490c561eebd1ecc"
url = "https://dl.google.com/go/go1.26.1.windows-amd64.zip"

[[tools.node]]
version = "25.8.0"
backend = "core:node"

[tools.node."platforms.linux-arm64"]
checksum = "sha256:54c128f5286a4392a1fd1c765729b074a6873abff8a4f9bb3d63d571c2855e41"
url = "https://nodejs.org/dist/v25.8.0/node-v25.8.0-linux-arm64.tar.gz"

[tools.node."platforms.linux-arm64-musl"]
checksum = "sha256:54c128f5286a4392a1fd1c765729b074a6873abff8a4f9bb3d63d571c2855e41"
url = "https://nodejs.org/dist/v25.8.0/node-v25.8.0-linux-arm64.tar.gz"

[tools.node."platforms.linux-x64"]
checksum = "sha256:2ae6f70d74a459c0a96456e486dc60f3e7e65d7752ad302771834e58b27500af"
url = "https://nodejs.org/dist/v25.8.0/node-v25.8.0-linux-x64.tar.gz"

[tools.node."platforms.linux-x64-musl"]
checksum = "sha256:2ae6f70d74a459c0a96456e486dc60f3e7e65d7752ad302771834e58b27500af"
url = "https://nodejs.org/dist/v25.8.0/node-v25.8.0-linux-x64.tar.gz"

[tools.node."platforms.macos-arm64"]
checksum = "sha256:75ff6fd07e0a85fb4d2529f6189c996014b1d3d83180c31e65feb2b3eaeec5d9"
url = "https://nodejs.org/dist/v25.8.0/node-v25.8.0-darwin-arm64.tar.gz"

[tools.node."platforms.macos-x64"]
checksum = "sha256:03fb559600c3ede0228d8b588ac6ad8b7b2cd0bac9422b56e7e2ef7f5c11b67c"
url = "https://nodejs.org/dist/v25.8.0/node-v25.8.0-darwin-x64.tar.gz"

[tools.node."platforms.windows-x64"]
checksum = "sha256:5744746371a417179a701044739b5fa2b3164e943aa57f86059fb312f8032e86"
url = "https://nodejs.org/dist/v25.8.0/node-v25.8.0-win-x64.zip"

[[tools."npm:prettier"]]
version = "3.8.1"
backend = "npm:prettier"
